
Microsoft Visual Studio Solution File, Format Version 12.00
# Visual Studio Version 17
VisualStudioVersion = 17.9.34728.123
MinimumVisualStudioVersion = 10.0.40219.1
Project("{FAE04EC0-301F-11D3-BF4B-00C04F79EFBC}") = "Supermarket_System", "Supermarket_System\Supermarket_System.csproj", "{6AF602DC-0213-4EF2-A530-C2C9D6BB9655}"
EndProject
Global
	GlobalSection(SolutionConfigurationPlatforms) = preSolution
		Debug|Any CPU = Debug|Any CPU
		Release|Any CPU = Release|Any CPU
	EndGlobalSection
	GlobalSection(ProjectConfigurationPlatforms) = postSolution
		{6AF602DC-0213-4EF2-A530-C2C9D6BB9655}.Debug|Any CPU.ActiveCfg = Debug|Any CPU
		{6AF602DC-0213-4EF2-A530-C2C9D6BB9655}.Debug|Any CPU.Build.0 = Debug|Any CPU
		{6AF602DC-0213-4EF2-A530-C2C9D6BB9655}.Release|Any CPU.ActiveCfg = Release|Any CPU
		{6AF602DC-0213-4EF2-A530-C2C9D6BB9655}.Release|Any CPU.Build.0 = Release|Any CPU
	EndGlobalSection
	GlobalSection(SolutionProperties) = preSolution
		HideSolutionNode = FALSE
	EndGlobalSection
	GlobalSection(ExtensibilityGlobals) = postSolution
		SolutionGuid = {22DA804B-01AA-4ADF-8867-25D5F5B3173C}
	EndGlobalSection
EndGlobal
